{
  "name": "@dislido/cqnode",
  "version": "2.3.6",
  "lockfileVersion": 1,
  "requires": true,
  "dependencies": {
    "@types/node": {
      "version": "11.15.14",
      "resolved": "https://registry.npmjs.org/@types/node/-/node-11.15.14.tgz",
      "integrity": "sha512-5R/ADTMiAxv+4GAwzsupaUO51T1e0UYdPc8StO/t6a+Fv1o2sbY9MWgmP2QxtKGwge8HqTjq058L360ai5RDug==",
      "dev": true
    },
    "typescript": {
      "version": "3.9.5",
      "resolved": "https://registry.npmjs.org/typescript/-/typescript-3.9.5.tgz",
      "integrity": "sha512-hSAifV3k+i6lEoCJ2k6R2Z/rp/H3+8sdmcn5NrS3/3kE7+RyZXm9aqvxWqjEXHAd8b0pShatpcdMTvEdvAJltQ==",
      "dev": true
    }
  }
}
